
Microsoft Visual Studio Solution File, Format Version 10.00
# Visual C++ Express 2008
Project("{8BC9CEB8-8B4A-11D0-8D11-00A0C91BC942}") = "wiiuse", "wiiuse.vcproj", "{735E728C-379C-495D-8719-336EDADB076D}"
EndProject
Global
	GlobalSection(SolutionConfigurationPlatforms) = preSolution
		Debug|Win32 = Debug|Win32
		Release|Win32 = Release|Win32
	EndGlobalSection
	GlobalSection(ProjectConfigurationPlatforms) = postSolution
		{735E728C-379C-495D-8719-336EDADB076D}.Debug|Win32.ActiveCfg = Debug|Win32
		{735E728C-379C-495D-8719-336EDADB076D}.Debug|Win32.Build.0 = Debug|Win32
		{735E728C-379C-495D-8719-336EDADB076D}.Release|Win32.ActiveCfg = Release|Win32
		{735E728C-379C-495D-8719-336EDADB076D}.Release|Win32.Build.0 = Release|Win32
	EndGlobalSection
	GlobalSection(SolutionProperties) = preSolution
		HideSolutionNode = FALSE
	EndGlobalSection
EndGlobal
